
Microsoft Visual Studio Solution File, Format Version 12.00
# Visual Studio Version 17
VisualStudioVersion = 17.10.35027.167
MinimumVisualStudioVersion = 10.0.40219.1
Project("{FAE04EC0-301F-11D3-BF4B-00C04F79EFBC}") = "SbTriggerFunction", "SbTriggerFunction.csproj", "{DC2B853F-339E-4D58-8C86-C54D786A9A40}"
EndProject
Global
	GlobalSection(SolutionConfigurationPlatforms) = preSolution
		Debug|Any CPU = Debug|Any CPU
		Release|Any CPU = Release|Any CPU
	EndGlobalSection
	GlobalSection(ProjectConfigurationPlatforms) = postSolution
		{DC2B853F-339E-4D58-8C86-C54D786A9A40}.Debug|Any CPU.ActiveCfg = Debug|Any CPU
		{DC2B853F-339E-4D58-8C86-C54D786A9A40}.Debug|Any CPU.Build.0 = Debug|Any CPU
		{DC2B853F-339E-4D58-8C86-C54D786A9A40}.Release|Any CPU.ActiveCfg = Release|Any CPU
		{DC2B853F-339E-4D58-8C86-C54D786A9A40}.Release|Any CPU.Build.0 = Release|Any CPU
	EndGlobalSection
	GlobalSection(SolutionProperties) = preSolution
		HideSolutionNode = FALSE
	EndGlobalSection
	GlobalSection(ExtensibilityGlobals) = postSolution
		SolutionGuid = {BE2C935F-B638-4B4D-98BE-49465AC90070}
	EndGlobalSection
EndGlobal
